// !$*UTF8*$!
{
	archiveVersion = 1;
	classes = {
	};
	objectVersion = 50;
	objects = {

/* Begin PBXBuildFile section */
		FA5E750F226BE94F00F7F14E /* ChatLogController.swift in Sources */ = {isa = PBXBuildFile; fileRef = FA5E750E226BE94F00F7F14E /* ChatLogController.swift */; };
		FA712A11226365A9005B24AA /* AppDelegate.swift in Sources */ = {isa = PBXBuildFile; fileRef = FA712A10226365A9005B24AA /* AppDelegate.swift */; };
		FA712A13226365A9005B24AA /* FriendsController.swift in Sources */ = {isa = PBXBuildFile; fileRef = FA712A12226365A9005B24AA /* FriendsController.swift */; };
		FA712A19226365A9005B24AA /* ChatApp.xcdatamodeld in Sources */ = {isa = PBXBuildFile; fileRef = FA712A17226365A9005B24AA /* ChatApp.xcdatamodeld */; };
		FA712A1B226365AC005B24AA /* Assets.xcassets in Resources */ = {isa = PBXBuildFile; fileRef = FA712A1A226365AC005B24AA /* Assets.xcassets */; };
		FA712A1E226365AC005B24AA /* LaunchScreen.storyboard in Resources */ = {isa = PBXBuildFile; fileRef = FA712A1C226365AC005B24AA /* LaunchScreen.storyboard */; };
		FA8925AC226C531D00581467 /* CustomTabBarController.swift in Sources */ = {isa = PBXBuildFile; fileRef = FA8925AB226C531D00581467 /* CustomTabBarController.swift */; };
		FAB4A2B52265D044003166C1 /* FriendsControllerHelper.swift in Sources */ = {isa = PBXBuildFile; fileRef = FAB4A2B42265D044003166C1 /* FriendsControllerHelper.swift */; };
		FAB4A2BA2265D40A003166C1 /* Friend+CoreDataClass.swift in Sources */ = {isa = PBXBuildFile; fileRef = FAB4A2B62265D40A003166C1 /* Friend+CoreDataClass.swift */; };
		FAB4A2BB2265D40A003166C1 /* Friend+CoreDataProperties.swift in Sources */ = {isa = PBXBuildFile; fileRef = FAB4A2B72265D40A003166C1 /* Friend+CoreDataProperties.swift */; };
		FAB4A2BC2265D40A003166C1 /* Message+CoreDataClass.swift in Sources */ = {isa = PBXBuildFile; fileRef = FAB4A2B82265D40A003166C1 /* Message+CoreDataClass.swift */; };
		FAB4A2BD2265D40A003166C1 /* Message+CoreDataProperties.swift in Sources */ = {isa = PBXBuildFile; fileRef = FAB4A2B92265D40A003166C1 /* Message+CoreDataProperties.swift */; };
/* End PBXBuildFile section */

/* Begin PBXFileReference section */
		FA5E750E226BE94F00F7F14E /* ChatLogController.swift */ = {isa = PBXFileReference; lastKnownFileType = sourcecode.swift; path = ChatLogController.swift; sourceTree = "<group>"; };
		FA712A0D226365A9005B24AA /* ChatApp.app */ = {isa = PBXFileReference; explicitFileType = wrapper.application; includeInIndex = 0; path = ChatApp.app; sourceTree = BUILT_PRODUCTS_DIR; };
		FA712A10226365A9005B24AA /* AppDelegate.swift */ = {isa = PBXFileReference; lastKnownFileType = sourcecode.swift; path = AppDelegate.swift; sourceTree = "<group>"; };
		FA712A12226365A9005B24AA /* FriendsController.swift */ = {isa = PBXFileReference; lastKnownFileType = sourcecode.swift; path = FriendsController.swift; sourceTree = "<group>"; };
		FA712A18226365A9005B24AA /* ChatApp.xcdatamodel */ = {isa = PBXFileReference; lastKnownFileType = wrapper.xcdatamodel; path = ChatApp.xcdatamodel; sourceTree = "<group>"; };
		FA712A1A226365AC005B24AA /* Assets.xcassets */ = {isa = PBXFileReference; lastKnownFileType = folder.assetcatalog; path = Assets.xcassets; sourceTree = "<group>"; };
		FA712A1D226365AC005B24AA /* Base */ = {isa = PBXFileReference; lastKnownFileType = file.storyboard; name = Base; path = Base.lproj/LaunchScreen.storyboard; sourceTree = "<group>"; };
		FA712A1F226365AC005B24AA /* Info.plist */ = {isa = PBXFileReference; lastKnownFileType = text.plist.xml; path = Info.plist; sourceTree = "<group>"; };
		FA8925AB226C531D00581467 /* CustomTabBarController.swift */ = {isa = PBXFileReference; lastKnownFileType = sourcecode.swift; path = CustomTabBarController.swift; sourceTree = "<group>"; };
		FAB4A2B42265D044003166C1 /* FriendsControllerHelper.swift */ = {isa = PBXFileReference; lastKnownFileType = sourcecode.swift; path = FriendsControllerHelper.swift; sourceTree = "<group>"; };
		FAB4A2B62265D40A003166C1 /* Friend+CoreDataClass.swift */ = {isa = PBXFileReference; lastKnownFileType = sourcecode.swift; path = "Friend+CoreDataClass.swift"; sourceTree = "<group>"; };
		FAB4A2B72265D40A003166C1 /* Friend+CoreDataProperties.swift */ = {isa = PBXFileReference; lastKnownFileType = sourcecode.swift; path = "Friend+CoreDataProperties.swift"; sourceTree = "<group>"; };
		FAB4A2B82265D40A003166C1 /* Message+CoreDataClass.swift */ = {isa = PBXFileReference; lastKnownFileType = sourcecode.swift; path = "Message+CoreDataClass.swift"; sourceTree = "<group>"; };
		FAB4A2B92265D40A003166C1 /* Message+CoreDataProperties.swift */ = {isa = PBXFileReference; lastKnownFileType = sourcecode.swift; path = "Message+CoreDataProperties.swift"; sourceTree = "<group>"; };
/* End PBXFileReference section */

/* Begin PBXFrameworksBuildPhase section */
		FA712A0A226365A9005B24AA /* Frameworks */ = {
			isa = PBXFrameworksBuildPhase;
			buildActionMask = 2147483647;
			files = (
			);
			runOnlyForDeploymentPostprocessing = 0;
		};
/* End PBXFrameworksBuildPhase section */

/* Begin PBXGroup section */
		FA712A04226365A9005B24AA = {
			isa = PBXGroup;
			children = (
				FAB4A2B62265D40A003166C1 /* Friend+CoreDataClass.swift */,
				FAB4A2B72265D40A003166C1 /* Friend+CoreDataProperties.swift */,
				FAB4A2B82265D40A003166C1 /* Message+CoreDataClass.swift */,
				FAB4A2B92265D40A003166C1 /* Message+CoreDataProperties.swift */,
				FA712A0F226365A9005B24AA /* ChatApp */,
				FA712A0E226365A9005B24AA /* Products */,
			);
			sourceTree = "<group>";
		};
		FA712A0E226365A9005B24AA /* Products */ = {
			isa = PBXGroup;
			children = (
				FA712A0D226365A9005B24AA /* ChatApp.app */,
			);
			name = Products;
			sourceTree = "<group>";
		};
		FA712A0F226365A9005B24AA /* ChatApp */ = {
			isa = PBXGroup;
			children = (
				FA712A10226365A9005B24AA /* AppDelegate.swift */,
				FA712A12226365A9005B24AA /* FriendsController.swift */,
				FA712A1A226365AC005B24AA /* Assets.xcassets */,
				FA712A1C226365AC005B24AA /* LaunchScreen.storyboard */,
				FA712A1F226365AC005B24AA /* Info.plist */,
				FA712A17226365A9005B24AA /* ChatApp.xcdatamodeld */,
				FAB4A2B42265D044003166C1 /* FriendsControllerHelper.swift */,
				FA5E750E226BE94F00F7F14E /* ChatLogController.swift */,
				FA8925AB226C531D00581467 /* CustomTabBarController.swift */,
			);
			path = ChatApp;
			sourceTree = "<group>";
		};
/* End PBXGroup section */

/* Begin PBXNativeTarget section */
		FA712A0C226365A9005B24AA /* ChatApp */ = {
			isa = PBXNativeTarget;
			buildConfigurationList = FA712A22226365AC005B24AA /* Build configuration list for PBXNativeTarget "ChatApp" */;
			buildPhases = (
				FA712A09226365A9005B24AA /* Sources */,
				FA712A0A226365A9005B24AA /* Frameworks */,
				FA712A0B226365A9005B24AA /* Resources */,
			);
			buildRules = (
			);
			dependencies = (
			);
			name = ChatApp;
			productName = ChatApp;
			productReference = FA712A0D226365A9005B24AA /* ChatApp.app */;
			productType = "com.apple.product-type.application";
		};
/* End PBXNativeTarget section */

/* Begin PBXProject section */
		FA712A05226365A9005B24AA /* Project object */ = {
			isa = PBXProject;
			attributes = {
				LastSwiftUpdateCheck = 1020;
				LastUpgradeCheck = 1020;
				ORGANIZATIONNAME = Spiritofthecore;
				TargetAttributes = {
					FA712A0C226365A9005B24AA = {
						CreatedOnToolsVersion = 10.2;
					};
				};
			};
			buildConfigurationList = FA712A08226365A9005B24AA /* Build configuration list for PBXProject "ChatApp" */;
			compatibilityVersion = "Xcode 9.3";
			developmentRegion = en;
			hasScannedForEncodings = 0;
			knownRegions = (
				en,
				Base,
			);
			mainGroup = FA712A04226365A9005B24AA;
			productRefGroup = FA712A0E226365A9005B24AA /* Products */;
			projectDirPath = "";
			projectRoot = "";
			targets = (
				FA712A0C226365A9005B24AA /* ChatApp */,
			);
		};
/* End PBXProject section */

/* Begin PBXResourcesBuildPhase section */
		FA712A0B226365A9005B24AA /* Resources */ = {
			isa = PBXResourcesBuildPhase;
			buildActionMask = 2147483647;
			files = (
				FA712A1E226365AC005B24AA /* LaunchScreen.storyboard in Resources */,
				FA712A1B226365AC005B24AA /* Assets.xcassets in Resources */,
			);
			runOnlyForDeploymentPostprocessing = 0;
		};
/* End PBXResourcesBuildPhase section */

/* Begin PBXSourcesBuildPhase section */
		FA712A09226365A9005B24AA /* Sources */ = {
			isa = PBXSourcesBuildPhase;
			buildActionMask = 2147483647;
			files = (
				FA5E750F226BE94F00F7F14E /* ChatLogController.swift in Sources */,
				FA712A19226365A9005B24AA /* ChatApp.xcdatamodeld in Sources */,
				FA8925AC226C531D00581467 /* CustomTabBarController.swift in Sources */,
				FAB4A2BA2265D40A003166C1 /* Friend+CoreDataClass.swift in Sources */,
				FAB4A2B52265D044003166C1 /* FriendsControllerHelper.swift in Sources */,
				FA712A13226365A9005B24AA /* FriendsController.swift in Sources */,
				FA712A11226365A9005B24AA /* AppDelegate.swift in Sources */,
				FAB4A2BB2265D40A003166C1 /* Friend+CoreDataProperties.swift in Sources */,
				FAB4A2BD2265D40A003166C1 /* Message+CoreDataProperties.swift in Sources */,
				FAB4A2BC2265D40A003166C1 /* Message+CoreDataClass.swift in Sources */,
			);
			runOnlyForDeploymentPostprocessing = 0;
		};
/* End PBXSourcesBuildPhase section */

/* Begin PBXVariantGroup section */
		FA712A1C226365AC005B24AA /* LaunchScreen.storyboard */ = {
			isa = PBXVariantGroup;
			children = (
				FA712A1D226365AC005B24AA /* Base */,
			);
			name = LaunchScreen.storyboard;
			sourceTree = "<group>";
		};
/* End PBXVariantGroup section */

/* Begin XCBuildConfiguration section */
		FA712A20226365AC005B24AA /* Debug */ = {
			isa = XCBuildConfiguration;
			buildSettings = {
				ALWAYS_SEARCH_USER_PATHS = NO;
				CLANG_ANALYZER_NONNULL = YES;
				CLANG_ANALYZER_NUMBER_OBJECT_CONVERSION = YES_AGGRESSIVE;
				CLANG_CXX_LANGUAGE_STANDARD = "gnu++14";
				CLANG_CXX_LIBRARY = "libc++";
				CLANG_ENABLE_MODULES = YES;
				CLANG_ENABLE_OBJC_ARC = YES;
				CLANG_ENABLE_OBJC_WEAK = YES;
				CLANG_WARN_BLOCK_CAPTURE_AUTORELEASING = YES;
				CLANG_WARN_BOOL_CONVERSION = YES;
				CLANG_WARN_COMMA = YES;
				CLANG_WARN_CONSTANT_CONVERSION = YES;
				CLANG_WARN_DEPRECATED_OBJC_IMPLEMENTATIONS = YES;
				CLANG_WARN_DIRECT_OBJC_ISA_USAGE = YES_ERROR;
				CLANG_WARN_DOCUMENTATION_COMMENTS = YES;
				CLANG_WARN_EMPTY_BODY = YES;
				CLANG_WARN_ENUM_CONVERSION = YES;
				CLANG_WARN_INFINITE_RECURSION = YES;
				CLANG_WARN_INT_CONVERSION = YES;
				CLANG_WARN_NON_LITERAL_NULL_CONVERSION = YES;
				CLANG_WARN_OBJC_IMPLICIT_RETAIN_SELF = YES;
				CLANG_WARN_OBJC_LITERAL_CONVERSION = YES;
				CLANG_WARN_OBJC_ROOT_CLASS = YES_ERROR;
				CLANG_WARN_RANGE_LOOP_ANALYSIS = YES;
				CLANG_WARN_STRICT_PROTOTYPES = YES;
				CLANG_WARN_SUSPICIOUS_MOVE = YES;
				CLANG_WARN_UNGUARDED_AVAILABILITY = YES_AGGRESSIVE;
				CLANG_WARN_UNREACHABLE_CODE = YES;
				CLANG_WARN__DUPLICATE_METHOD_MATCH = YES;
				CODE_SIGN_IDENTITY = "iPhone Developer";
				COPY_PHASE_STRIP = NO;
				DEBUG_INFORMATION_FORMAT = dwarf;
				ENABLE_STRICT_OBJC_MSGSEND = YES;
				ENABLE_TESTABILITY = YES;
				GCC_C_LANGUAGE_STANDARD = gnu11;
				GCC_DYNAMIC_NO_PIC = NO;
				GCC_NO_COMMON_BLOCKS = YES;
				GCC_OPTIMIZATION_LEVEL = 0;
				GCC_PREPROCESSOR_DEFINITIONS = (
					"DEBUG=1",
					"$(inherited)",
				);
				GCC_WARN_64_TO_32_BIT_CONVERSION = YES;
				GCC_WARN_ABOUT_RETURN_TYPE = YES_ERROR;
				GCC_WARN_UNDECLARED_SELECTOR = YES;
				GCC_WARN_UNINITIALIZED_AUTOS = YES_AGGRESSIVE;
				GCC_WARN_UNUSED_FUNCTION = YES;
				GCC_WARN_UNUSED_VARIABLE = YES;
				IPHONEOS_DEPLOYMENT_TARGET = 12.2;
				MTL_ENABLE_DEBUG_INFO = INCLUDE_SOURCE;
				MTL_FAST_MATH = YES;
				ONLY_ACTIVE_ARCH = YES;
				SDKROOT = iphoneos;
				SWIFT_ACTIVE_COMPILATION_CONDITIONS = DEBUG;
				SWIFT_OPTIMIZATION_LEVEL = "-Onone";
			};
			name = Debug;
		};
		FA712A21226365AC005B24AA /* Release */ = {
			isa = XCBuildConfiguration;
			buildSettings = {
				ALWAYS_SEARCH_USER_PATHS = NO;
				CLANG_ANALYZER_NONNULL = YES;
				CLANG_ANALYZER_NUMBER_OBJECT_CONVERSION = YES_AGGRESSIVE;
				CLANG_CXX_LANGUAGE_STANDARD = "gnu++14";
				CLANG_CXX_LIBRARY = "libc++";
				CLANG_ENABLE_MODULES = YES;
				CLANG_ENABLE_OBJC_ARC = YES;
				CLANG_ENABLE_OBJC_WEAK = YES;
				CLANG_WARN_BLOCK_CAPTURE_AUTORELEASING = YES;
				CLANG_WARN_BOOL_CONVERSION = YES;
				CLANG_WARN_COMMA = YES;
				CLANG_WARN_CONSTANT_CONVERSION = YES;
				CLANG_WARN_DEPRECATED_OBJC_IMPLEMENTATIONS = YES;
				CLANG_WARN_DIRECT_OBJC_ISA_USAGE = YES_ERROR;
				CLANG_WARN_DOCUMENTATION_COMMENTS = YES;
				CLANG_WARN_EMPTY_BODY = YES;
				CLANG_WARN_ENUM_CONVERSION = YES;
				CLANG_WARN_INFINITE_RECURSION = YES;
				CLANG_WARN_INT_CONVERSION = YES;
				CLANG_WARN_NON_LITERAL_NULL_CONVERSION = YES;
				CLANG_WARN_OBJC_IMPLICIT_RETAIN_SELF = YES;
				CLANG_WARN_OBJC_LITERAL_CONVERSION = YES;
				CLANG_WARN_OBJC_ROOT_CLASS = YES_ERROR;
				CLANG_WARN_RANGE_LOOP_ANALYSIS = YES;
				CLANG_WARN_STRICT_PROTOTYPES = YES;
				CLANG_WARN_SUSPICIOUS_MOVE = YES;
				CLANG_WARN_UNGUARDED_AVAILABILITY = YES_AGGRESSIVE;
				CLANG_WARN_UNREACHABLE_CODE = YES;
				CLANG_WARN__DUPLICATE_METHOD_MATCH = YES;
				CODE_SIGN_IDENTITY = "iPhone Developer";
				COPY_PHASE_STRIP = NO;
				DEBUG_INFORMATION_FORMAT = "dwarf-with-dsym";
				ENABLE_NS_ASSERTIONS = NO;
				ENABLE_STRICT_OBJC_MSGSEND = YES;
				GCC_C_LANGUAGE_STANDARD = gnu11;
				GCC_NO_COMMON_BLOCKS = YES;
				GCC_WARN_64_TO_32_BIT_CONVERSION = YES;
				GCC_WARN_ABOUT_RETURN_TYPE = YES_ERROR;
				GCC_WARN_UNDECLARED_SELECTOR = YES;
				GCC_WARN_UNINITIALIZED_AUTOS = YES_AGGRESSIVE;
				GCC_WARN_UNUSED_FUNCTION = YES;
				GCC_WARN_UNUSED_VARIABLE = YES;
				IPHONEOS_DEPLOYMENT_TARGET = 12.2;
				MTL_ENABLE_DEBUG_INFO = NO;
				MTL_FAST_MATH = YES;
				SDKROOT = iphoneos;
				SWIFT_COMPILATION_MODE = wholemodule;
				SWIFT_OPTIMIZATION_LEVEL = "-O";
				VALIDATE_PRODUCT = YES;
			};
			name = Release;
		};
		FA712A23226365AC005B24AA /* Debug */ = {
			isa = XCBuildConfiguration;
			buildSettings = {
				ASSETCATALOG_COMPILER_APPICON_NAME = AppIcon;
				CODE_SIGN_STYLE = Automatic;
				INFOPLIST_FILE = ChatApp/Info.plist;
				LD_RUNPATH_SEARCH_PATHS = (
					"$(inherited)",
					"@executable_path/Frameworks",
				);
				PRODUCT_BUNDLE_IDENTIFIER = SpiritofthecoreID.ChatApp;
				PRODUCT_NAME = "$(TARGET_NAME)";
				SWIFT_VERSION = 5.0;
				TARGETED_DEVICE_FAMILY = "1,2";
			};
			name = Debug;
		};
		FA712A24226365AC005B24AA /* Release */ = {
			isa = XCBuildConfiguration;
			buildSettings = {
				ASSETCATALOG_COMPILER_APPICON_NAME = AppIcon;
				CODE_SIGN_STYLE = Automatic;
				INFOPLIST_FILE = ChatApp/Info.plist;
				LD_RUNPATH_SEARCH_PATHS = (
					"$(inherited)",
					"@executable_path/Frameworks",
				);
				PRODUCT_BUNDLE_IDENTIFIER = SpiritofthecoreID.ChatApp;
				PRODUCT_NAME = "$(TARGET_NAME)";
				SWIFT_VERSION = 5.0;
				TARGETED_DEVICE_FAMILY = "1,2";
			};
			name = Release;
		};
/* End XCBuildConfiguration section */

/* Begin XCConfigurationList section */
		FA712A08226365A9005B24AA /* Build configuration list for PBXProject "ChatApp" */ = {
			isa = XCConfigurationList;
			buildConfigurations = (
				FA712A20226365AC005B24AA /* Debug */,
				FA712A21226365AC005B24AA /* Release */,
			);
			defaultConfigurationIsVisible = 0;
			defaultConfigurationName = Release;
		};
		FA712A22226365AC005B24AA /* Build configuration list for PBXNativeTarget "ChatApp" */ = {
			isa = XCConfigurationList;
			buildConfigurations = (
				FA712A23226365AC005B24AA /* Debug */,
				FA712A24226365AC005B24AA /* Release */,
			);
			defaultConfigurationIsVisible = 0;
			defaultConfigurationName = Release;
		};
/* End XCConfigurationList section */

/* Begin XCVersionGroup section */
		FA712A17226365A9005B24AA /* ChatApp.xcdatamodeld */ = {
			isa = XCVersionGroup;
			children = (
				FA712A18226365A9005B24AA /* ChatApp.xcdatamodel */,
			);
			currentVersion = FA712A18226365A9005B24AA /* ChatApp.xcdatamodel */;
			path = ChatApp.xcdatamodeld;
			sourceTree = "<group>";
			versionGroupType = wrapper.xcdatamodel;
		};
/* End XCVersionGroup section */
	};
	rootObject = FA712A05226365A9005B24AA /* Project object */;
}
